// !$*UTF8*$!
{
	archiveVersion = 1;
	classes = {
	};
	objectVersion = 56;
	objects = {

/* Begin PBXBuildFile section */
		195493C92C34C51600811489 /* SceneModel.swift in Sources */ = {isa = PBXBuildFile; fileRef = 195493C72C34C51600811489 /* SceneModel.swift */; };
		195493CA2C34C51600811489 /* SceneModelView.swift in Sources */ = {isa = PBXBuildFile; fileRef = 195493C82C34C51600811489 /* SceneModelView.swift */; };
		195493CC2C34CB0B00811489 /* MeshData.swift in Sources */ = {isa = PBXBuildFile; fileRef = 195493CB2C34CB0B00811489 /* MeshData.swift */; };
		1961CBAB2C32167C00536EEC /* Cube.swift in Sources */ = {isa = PBXBuildFile; fileRef = 1961CBAA2C32167C00536EEC /* Cube.swift */; };
		196A2B1D2C320E35003FBC8A /* RealityKitContent in Frameworks */ = {isa = PBXBuildFile; productRef = 196A2B1C2C320E35003FBC8A /* RealityKitContent */; };
		196A2B1F2C320E35003FBC8A /* HoudiniMeshSyncApp.swift in Sources */ = {isa = PBXBuildFile; fileRef = 196A2B1E2C320E35003FBC8A /* HoudiniMeshSyncApp.swift */; };
		196A2B212C320E35003FBC8A /* ContentView.swift in Sources */ = {isa = PBXBuildFile; fileRef = 196A2B202C320E35003FBC8A /* ContentView.swift */; };
		196A2B232C320E36003FBC8A /* Assets.xcassets in Resources */ = {isa = PBXBuildFile; fileRef = 196A2B222C320E36003FBC8A /* Assets.xcassets */; };
		196A2B262C320E36003FBC8A /* Preview Assets.xcassets in Resources */ = {isa = PBXBuildFile; fileRef = 196A2B252C320E36003FBC8A /* Preview Assets.xcassets */; };
/* End PBXBuildFile section */

/* Begin PBXFileReference section */
		195493C72C34C51600811489 /* SceneModel.swift */ = {isa = PBXFileReference; fileEncoding = 4; lastKnownFileType = sourcecode.swift; path = SceneModel.swift; sourceTree = "<group>"; };
		195493C82C34C51600811489 /* SceneModelView.swift */ = {isa = PBXFileReference; fileEncoding = 4; lastKnownFileType = sourcecode.swift; path = SceneModelView.swift; sourceTree = "<group>"; };
		195493CB2C34CB0B00811489 /* MeshData.swift */ = {isa = PBXFileReference; lastKnownFileType = sourcecode.swift; path = MeshData.swift; sourceTree = "<group>"; };
		1961CBAA2C32167C00536EEC /* Cube.swift */ = {isa = PBXFileReference; fileEncoding = 4; lastKnownFileType = sourcecode.swift; path = Cube.swift; sourceTree = "<group>"; };
		196A2B172C320E35003FBC8A /* HoudiniMeshSync.app */ = {isa = PBXFileReference; explicitFileType = wrapper.application; includeInIndex = 0; path = HoudiniMeshSync.app; sourceTree = BUILT_PRODUCTS_DIR; };
		196A2B1B2C320E35003FBC8A /* RealityKitContent */ = {isa = PBXFileReference; lastKnownFileType = wrapper; path = RealityKitContent; sourceTree = "<group>"; };
		196A2B1E2C320E35003FBC8A /* HoudiniMeshSyncApp.swift */ = {isa = PBXFileReference; lastKnownFileType = sourcecode.swift; path = HoudiniMeshSyncApp.swift; sourceTree = "<group>"; };
		196A2B202C320E35003FBC8A /* ContentView.swift */ = {isa = PBXFileReference; lastKnownFileType = sourcecode.swift; path = ContentView.swift; sourceTree = "<group>"; };
		196A2B222C320E36003FBC8A /* Assets.xcassets */ = {isa = PBXFileReference; lastKnownFileType = folder.assetcatalog; path = Assets.xcassets; sourceTree = "<group>"; };
		196A2B252C320E36003FBC8A /* Preview Assets.xcassets */ = {isa = PBXFileReference; lastKnownFileType = folder.assetcatalog; path = "Preview Assets.xcassets"; sourceTree = "<group>"; };
		196A2B272C320E36003FBC8A /* Info.plist */ = {isa = PBXFileReference; lastKnownFileType = text.plist.xml; path = Info.plist; sourceTree = "<group>"; };
/* End PBXFileReference section */

/* Begin PBXFrameworksBuildPhase section */
		196A2B142C320E35003FBC8A /* Frameworks */ = {
			isa = PBXFrameworksBuildPhase;
			buildActionMask = 2147483647;
			files = (
				196A2B1D2C320E35003FBC8A /* RealityKitContent in Frameworks */,
			);
			runOnlyForDeploymentPostprocessing = 0;
		};
/* End PBXFrameworksBuildPhase section */

/* Begin PBXGroup section */
		196A2B0E2C320E35003FBC8A = {
			isa = PBXGroup;
			children = (
				196A2B192C320E35003FBC8A /* HoudiniMeshSync */,
				196A2B1A2C320E35003FBC8A /* Packages */,
				196A2B182C320E35003FBC8A /* Products */,
			);
			sourceTree = "<group>";
		};
		196A2B182C320E35003FBC8A /* Products */ = {
			isa = PBXGroup;
			children = (
				196A2B172C320E35003FBC8A /* HoudiniMeshSync.app */,
			);
			name = Products;
			sourceTree = "<group>";
		};
		196A2B192C320E35003FBC8A /* HoudiniMeshSync */ = {
			isa = PBXGroup;
			children = (
				195493C72C34C51600811489 /* SceneModel.swift */,
				195493C82C34C51600811489 /* SceneModelView.swift */,
				196A2B1E2C320E35003FBC8A /* HoudiniMeshSyncApp.swift */,
				1961CBAA2C32167C00536EEC /* Cube.swift */,
				196A2B202C320E35003FBC8A /* ContentView.swift */,
				196A2B222C320E36003FBC8A /* Assets.xcassets */,
				196A2B272C320E36003FBC8A /* Info.plist */,
				196A2B242C320E36003FBC8A /* Preview Content */,
				195493CB2C34CB0B00811489 /* MeshData.swift */,
			);
			path = HoudiniMeshSync;
			sourceTree = "<group>";
		};
		196A2B1A2C320E35003FBC8A /* Packages */ = {
			isa = PBXGroup;
			children = (
				196A2B1B2C320E35003FBC8A /* RealityKitContent */,
			);
			path = Packages;
			sourceTree = "<group>";
		};
		196A2B242C320E36003FBC8A /* Preview Content */ = {
			isa = PBXGroup;
			children = (
				196A2B252C320E36003FBC8A /* Preview Assets.xcassets */,
			);
			path = "Preview Content";
			sourceTree = "<group>";
		};
/* End PBXGroup section */

/* Begin PBXNativeTarget section */
		196A2B162C320E35003FBC8A /* HoudiniMeshSync */ = {
			isa = PBXNativeTarget;
			buildConfigurationList = 196A2B2A2C320E36003FBC8A /* Build configuration list for PBXNativeTarget "HoudiniMeshSync" */;
			buildPhases = (
				196A2B132C320E35003FBC8A /* Sources */,
				196A2B142C320E35003FBC8A /* Frameworks */,
				196A2B152C320E35003FBC8A /* Resources */,
			);
			buildRules = (
			);
			dependencies = (
			);
			name = HoudiniMeshSync;
			packageProductDependencies = (
				196A2B1C2C320E35003FBC8A /* RealityKitContent */,
			);
			productName = HoudiniMeshSync;
			productReference = 196A2B172C320E35003FBC8A /* HoudiniMeshSync.app */;
			productType = "com.apple.product-type.application";
		};
/* End PBXNativeTarget section */

/* Begin PBXProject section */
		196A2B0F2C320E35003FBC8A /* Project object */ = {
			isa = PBXProject;
			attributes = {
				BuildIndependentTargetsInParallel = 1;
				LastSwiftUpdateCheck = 1540;
				LastUpgradeCheck = 1540;
				TargetAttributes = {
					196A2B162C320E35003FBC8A = {
						CreatedOnToolsVersion = 15.4;
					};
				};
			};
			buildConfigurationList = 196A2B122C320E35003FBC8A /* Build configuration list for PBXProject "HoudiniMeshSync" */;
			compatibilityVersion = "Xcode 14.0";
			developmentRegion = en;
			hasScannedForEncodings = 0;
			knownRegions = (
				en,
				Base,
			);
			mainGroup = 196A2B0E2C320E35003FBC8A;
			productRefGroup = 196A2B182C320E35003FBC8A /* Products */;
			projectDirPath = "";
			projectRoot = "";
			targets = (
				196A2B162C320E35003FBC8A /* HoudiniMeshSync */,
			);
		};
/* End PBXProject section */

/* Begin PBXResourcesBuildPhase section */
		196A2B152C320E35003FBC8A /* Resources */ = {
			isa = PBXResourcesBuildPhase;
			buildActionMask = 2147483647;
			files = (
				196A2B262C320E36003FBC8A /* Preview Assets.xcassets in Resources */,
				196A2B232C320E36003FBC8A /* Assets.xcassets in Resources */,
			);
			runOnlyForDeploymentPostprocessing = 0;
		};
/* End PBXResourcesBuildPhase section */

/* Begin PBXSourcesBuildPhase section */
		196A2B132C320E35003FBC8A /* Sources */ = {
			isa = PBXSourcesBuildPhase;
			buildActionMask = 2147483647;
			files = (
				195493CC2C34CB0B00811489 /* MeshData.swift in Sources */,
				196A2B212C320E35003FBC8A /* ContentView.swift in Sources */,
				195493CA2C34C51600811489 /* SceneModelView.swift in Sources */,
				196A2B1F2C320E35003FBC8A /* HoudiniMeshSyncApp.swift in Sources */,
				195493C92C34C51600811489 /* SceneModel.swift in Sources */,
				1961CBAB2C32167C00536EEC /* Cube.swift in Sources */,
			);
			runOnlyForDeploymentPostprocessing = 0;
		};
/* End PBXSourcesBuildPhase section */

/* Begin XCBuildConfiguration section */
		196A2B282C320E36003FBC8A /* Debug */ = {
			isa = XCBuildConfiguration;
			buildSettings = {
				ALWAYS_SEARCH_USER_PATHS = NO;
				ASSETCATALOG_COMPILER_GENERATE_SWIFT_ASSET_SYMBOL_EXTENSIONS = YES;
				CLANG_ANALYZER_NONNULL = YES;
				CLANG_ANALYZER_NUMBER_OBJECT_CONVERSION = YES_AGGRESSIVE;
				CLANG_CXX_LANGUAGE_STANDARD = "gnu++20";
				CLANG_ENABLE_MODULES = YES;
				CLANG_ENABLE_OBJC_ARC = YES;
				CLANG_ENABLE_OBJC_WEAK = YES;
				CLANG_WARN_BLOCK_CAPTURE_AUTORELEASING = YES;
				CLANG_WARN_BOOL_CONVERSION = YES;
				CLANG_WARN_COMMA = YES;
				CLANG_WARN_CONSTANT_CONVERSION = YES;
				CLANG_WARN_DEPRECATED_OBJC_IMPLEMENTATIONS = YES;
				CLANG_WARN_DIRECT_OBJC_ISA_USAGE = YES_ERROR;
				CLANG_WARN_DOCUMENTATION_COMMENTS = YES;
				CLANG_WARN_EMPTY_BODY = YES;
				CLANG_WARN_ENUM_CONVERSION = YES;
				CLANG_WARN_INFINITE_RECURSION = YES;
				CLANG_WARN_INT_CONVERSION = YES;
				CLANG_WARN_NON_LITERAL_NULL_CONVERSION = YES;
				CLANG_WARN_OBJC_IMPLICIT_RETAIN_SELF = YES;
				CLANG_WARN_OBJC_LITERAL_CONVERSION = YES;
				CLANG_WARN_OBJC_ROOT_CLASS = YES_ERROR;
				CLANG_WARN_QUOTED_INCLUDE_IN_FRAMEWORK_HEADER = YES;
				CLANG_WARN_RANGE_LOOP_ANALYSIS = YES;
				CLANG_WARN_STRICT_PROTOTYPES = YES;
				CLANG_WARN_SUSPICIOUS_MOVE = YES;
				CLANG_WARN_UNGUARDED_AVAILABILITY = YES_AGGRESSIVE;
				CLANG_WARN_UNREACHABLE_CODE = YES;
				CLANG_WARN__DUPLICATE_METHOD_MATCH = YES;
				COPY_PHASE_STRIP = NO;
				DEBUG_INFORMATION_FORMAT = dwarf;
				ENABLE_STRICT_OBJC_MSGSEND = YES;
				ENABLE_TESTABILITY = YES;
				ENABLE_USER_SCRIPT_SANDBOXING = YES;
				GCC_C_LANGUAGE_STANDARD = gnu17;
				GCC_DYNAMIC_NO_PIC = NO;
				GCC_NO_COMMON_BLOCKS = YES;
				GCC_OPTIMIZATION_LEVEL = 0;
				GCC_PREPROCESSOR_DEFINITIONS = (
					"DEBUG=1",
					"$(inherited)",
				);
				GCC_WARN_64_TO_32_BIT_CONVERSION = YES;
				GCC_WARN_ABOUT_RETURN_TYPE = YES_ERROR;
				GCC_WARN_UNDECLARED_SELECTOR = YES;
				GCC_WARN_UNINITIALIZED_AUTOS = YES_AGGRESSIVE;
				GCC_WARN_UNUSED_FUNCTION = YES;
				GCC_WARN_UNUSED_VARIABLE = YES;
				LOCALIZATION_PREFERS_STRING_CATALOGS = YES;
				MTL_ENABLE_DEBUG_INFO = INCLUDE_SOURCE;
				MTL_FAST_MATH = YES;
				ONLY_ACTIVE_ARCH = YES;
				SDKROOT = xros;
				SWIFT_ACTIVE_COMPILATION_CONDITIONS = "DEBUG $(inherited)";
				SWIFT_OPTIMIZATION_LEVEL = "-Onone";
				XROS_DEPLOYMENT_TARGET = 1.2;
			};
			name = Debug;
		};
		196A2B292C320E36003FBC8A /* Release */ = {
			isa = XCBuildConfiguration;
			buildSettings = {
				ALWAYS_SEARCH_USER_PATHS = NO;
				ASSETCATALOG_COMPILER_GENERATE_SWIFT_ASSET_SYMBOL_EXTENSIONS = YES;
				CLANG_ANALYZER_NONNULL = YES;
				CLANG_ANALYZER_NUMBER_OBJECT_CONVERSION = YES_AGGRESSIVE;
				CLANG_CXX_LANGUAGE_STANDARD = "gnu++20";
				CLANG_ENABLE_MODULES = YES;
				CLANG_ENABLE_OBJC_ARC = YES;
				CLANG_ENABLE_OBJC_WEAK = YES;
				CLANG_WARN_BLOCK_CAPTURE_AUTORELEASING = YES;
				CLANG_WARN_BOOL_CONVERSION = YES;
				CLANG_WARN_COMMA = YES;
				CLANG_WARN_CONSTANT_CONVERSION = YES;
				CLANG_WARN_DEPRECATED_OBJC_IMPLEMENTATIONS = YES;
				CLANG_WARN_DIRECT_OBJC_ISA_USAGE = YES_ERROR;
				CLANG_WARN_DOCUMENTATION_COMMENTS = YES;
				CLANG_WARN_EMPTY_BODY = YES;
				CLANG_WARN_ENUM_CONVERSION = YES;
				CLANG_WARN_INFINITE_RECURSION = YES;
				CLANG_WARN_INT_CONVERSION = YES;
				CLANG_WARN_NON_LITERAL_NULL_CONVERSION = YES;
				CLANG_WARN_OBJC_IMPLICIT_RETAIN_SELF = YES;
				CLANG_WARN_OBJC_LITERAL_CONVERSION = YES;
				CLANG_WARN_OBJC_ROOT_CLASS = YES_ERROR;
				CLANG_WARN_QUOTED_INCLUDE_IN_FRAMEWORK_HEADER = YES;
				CLANG_WARN_RANGE_LOOP_ANALYSIS = YES;
				CLANG_WARN_STRICT_PROTOTYPES = YES;
				CLANG_WARN_SUSPICIOUS_MOVE = YES;
				CLANG_WARN_UNGUARDED_AVAILABILITY = YES_AGGRESSIVE;
				CLANG_WARN_UNREACHABLE_CODE = YES;
				CLANG_WARN__DUPLICATE_METHOD_MATCH = YES;
				COPY_PHASE_STRIP = NO;
				DEBUG_INFORMATION_FORMAT = "dwarf-with-dsym";
				ENABLE_NS_ASSERTIONS = NO;
				ENABLE_STRICT_OBJC_MSGSEND = YES;
				ENABLE_USER_SCRIPT_SANDBOXING = YES;
				GCC_C_LANGUAGE_STANDARD = gnu17;
				GCC_NO_COMMON_BLOCKS = YES;
				GCC_WARN_64_TO_32_BIT_CONVERSION = YES;
				GCC_WARN_ABOUT_RETURN_TYPE = YES_ERROR;
				GCC_WARN_UNDECLARED_SELECTOR = YES;
				GCC_WARN_UNINITIALIZED_AUTOS = YES_AGGRESSIVE;
				GCC_WARN_UNUSED_FUNCTION = YES;
				GCC_WARN_UNUSED_VARIABLE = YES;
				LOCALIZATION_PREFERS_STRING_CATALOGS = YES;
				MTL_ENABLE_DEBUG_INFO = NO;
				MTL_FAST_MATH = YES;
				SDKROOT = xros;
				SWIFT_COMPILATION_MODE = wholemodule;
				VALIDATE_PRODUCT = YES;
				XROS_DEPLOYMENT_TARGET = 1.2;
			};
			name = Release;
		};
		196A2B2B2C320E36003FBC8A /* Debug */ = {
			isa = XCBuildConfiguration;
			buildSettings = {
				ASSETCATALOG_COMPILER_APPICON_NAME = AppIcon;
				ASSETCATALOG_COMPILER_GLOBAL_ACCENT_COLOR_NAME = AccentColor;
				CODE_SIGN_STYLE = Automatic;
				CURRENT_PROJECT_VERSION = 1;
				DEVELOPMENT_ASSET_PATHS = "\"HoudiniMeshSync/Preview Content\"";
				DEVELOPMENT_TEAM = 4N7T3LHSUH;
				ENABLE_PREVIEWS = YES;
				GENERATE_INFOPLIST_FILE = YES;
				INFOPLIST_FILE = "$(TARGET_NAME)/Info.plist";
				INFOPLIST_KEY_LSApplicationCategoryType = "public.app-category.productivity";
				LD_RUNPATH_SEARCH_PATHS = (
					"$(inherited)",
					"@executable_path/Frameworks",
				);
				MARKETING_VERSION = 1.0;
				PRODUCT_BUNDLE_IDENTIFIER = HoloSapiens.HoudiniMeshSync;
				PRODUCT_NAME = "$(TARGET_NAME)";
				SUPPORTED_PLATFORMS = "xros xrsimulator";
				SWIFT_EMIT_LOC_STRINGS = YES;
				SWIFT_VERSION = 5.0;
				TARGETED_DEVICE_FAMILY = "1,2,7";
			};
			name = Debug;
		};
		196A2B2C2C320E36003FBC8A /* Release */ = {
			isa = XCBuildConfiguration;
			buildSettings = {
				ASSETCATALOG_COMPILER_APPICON_NAME = AppIcon;
				ASSETCATALOG_COMPILER_GLOBAL_ACCENT_COLOR_NAME = AccentColor;
				CODE_SIGN_STYLE = Automatic;
				CURRENT_PROJECT_VERSION = 1;
				DEVELOPMENT_ASSET_PATHS = "\"HoudiniMeshSync/Preview Content\"";
				DEVELOPMENT_TEAM = 4N7T3LHSUH;
				ENABLE_PREVIEWS = YES;
				GENERATE_INFOPLIST_FILE = YES;
				INFOPLIST_FILE = "$(TARGET_NAME)/Info.plist";
				INFOPLIST_KEY_LSApplicationCategoryType = "public.app-category.productivity";
				LD_RUNPATH_SEARCH_PATHS = (
					"$(inherited)",
					"@executable_path/Frameworks",
				);
				MARKETING_VERSION = 1.0;
				PRODUCT_BUNDLE_IDENTIFIER = HoloSapiens.HoudiniMeshSync;
				PRODUCT_NAME = "$(TARGET_NAME)";
				SUPPORTED_PLATFORMS = "xros xrsimulator";
				SWIFT_EMIT_LOC_STRINGS = YES;
				SWIFT_VERSION = 5.0;
				TARGETED_DEVICE_FAMILY = "1,2,7";
			};
			name = Release;
		};
/* End XCBuildConfiguration section */

/* Begin XCConfigurationList section */
		196A2B122C320E35003FBC8A /* Build configuration list for PBXProject "HoudiniMeshSync" */ = {
			isa = XCConfigurationList;
			buildConfigurations = (
				196A2B282C320E36003FBC8A /* Debug */,
				196A2B292C320E36003FBC8A /* Release */,
			);
			defaultConfigurationIsVisible = 0;
			defaultConfigurationName = Debug;
		};
		196A2B2A2C320E36003FBC8A /* Build configuration list for PBXNativeTarget "HoudiniMeshSync" */ = {
			isa = XCConfigurationList;
			buildConfigurations = (
				196A2B2B2C320E36003FBC8A /* Debug */,
				196A2B2C2C320E36003FBC8A /* Release */,
			);
			defaultConfigurationIsVisible = 0;
			defaultConfigurationName = Debug;
		};
/* End XCConfigurationList section */

/* Begin XCSwiftPackageProductDependency section */
		196A2B1C2C320E35003FBC8A /* RealityKitContent */ = {
			isa = XCSwiftPackageProductDependency;
			productName = RealityKitContent;
		};
/* End XCSwiftPackageProductDependency section */
	};
	rootObject = 196A2B0F2C320E35003FBC8A /* Project object */;
}
